
Microsoft Visual Studio Solution File, Format Version 12.00
# Visual Studio Version 17
VisualStudioVersion = 17.0.31903.59
MinimumVisualStudioVersion = 10.0.40219.1
Project("{FAE04EC0-301F-11D3-BF4B-00C04F79EFBC}") = "BookHaven.API", "BookHaven.API\BookHaven.API.csproj", "{A6D95E47-F2DA-4424-885C-8B0D548C9414}"
EndProject
Project("{FAE04EC0-301F-11D3-BF4B-00C04F79EFBC}") = "BookHaven.DataAccess", "BookHaven.DataAccess\BookHaven.DataAccess.csproj", "{33E4EC1C-49DC-47D7-9770-DD58A7B42681}"
EndProject
Project("{FAE04EC0-301F-11D3-BF4B-00C04F79EFBC}") = "BookHaven.Models", "BookHaven.Models\BookHaven.Models.csproj", "{4D9AB9AF-A85A-42D3-ABF5-EA87EC8B7C38}"
EndProject
Global
	GlobalSection(SolutionConfigurationPlatforms) = preSolution
		Debug|Any CPU = Debug|Any CPU
		Release|Any CPU = Release|Any CPU
	EndGlobalSection
	GlobalSection(SolutionProperties) = preSolution
		HideSolutionNode = FALSE
	EndGlobalSection
	GlobalSection(ProjectConfigurationPlatforms) = postSolution
		{A6D95E47-F2DA-4424-885C-8B0D548C9414}.Debug|Any CPU.ActiveCfg = Debug|Any CPU
		{A6D95E47-F2DA-4424-885C-8B0D548C9414}.Debug|Any CPU.Build.0 = Debug|Any CPU
		{A6D95E47-F2DA-4424-885C-8B0D548C9414}.Release|Any CPU.ActiveCfg = Release|Any CPU
		{A6D95E47-F2DA-4424-885C-8B0D548C9414}.Release|Any CPU.Build.0 = Release|Any CPU
		{33E4EC1C-49DC-47D7-9770-DD58A7B42681}.Debug|Any CPU.ActiveCfg = Debug|Any CPU
		{33E4EC1C-49DC-47D7-9770-DD58A7B42681}.Debug|Any CPU.Build.0 = Debug|Any CPU
		{33E4EC1C-49DC-47D7-9770-DD58A7B42681}.Release|Any CPU.ActiveCfg = Release|Any CPU
		{33E4EC1C-49DC-47D7-9770-DD58A7B42681}.Release|Any CPU.Build.0 = Release|Any CPU
		{4D9AB9AF-A85A-42D3-ABF5-EA87EC8B7C38}.Debug|Any CPU.ActiveCfg = Debug|Any CPU
		{4D9AB9AF-A85A-42D3-ABF5-EA87EC8B7C38}.Debug|Any CPU.Build.0 = Debug|Any CPU
		{4D9AB9AF-A85A-42D3-ABF5-EA87EC8B7C38}.Release|Any CPU.ActiveCfg = Release|Any CPU
		{4D9AB9AF-A85A-42D3-ABF5-EA87EC8B7C38}.Release|Any CPU.Build.0 = Release|Any CPU
	EndGlobalSection
EndGlobal
